schema: '2.0'
stages:
  data_ingestion:
    cmd: python .\src\data\data_ingestion.py
    deps:
    - path: .\src\data\data_ingestion.py
      hash: md5
      md5: 47c20a0cb9b57d041d601bb57af31403
      size: 3186
    params:
      params.yaml:
        data_ingestion.test_size: 0.1
    outs:
    - path: data\raw
      hash: md5
      md5: baa43b70a6a4c8dac10639c6b987a43a.dir
      size: 827973
      nfiles: 2
  data_preprocessing:
    cmd: python .\src\data\data_preprocessing.py
    deps:
    - path: .\data\raw\
      hash: md5
      md5: baa43b70a6a4c8dac10639c6b987a43a.dir
      size: 827973
      nfiles: 2
    - path: .\src\data\data_preprocessing.py
      hash: md5
      md5: bc247dfa70b08fe250ff856adb36ff4a
      size: 2431
    outs:
    - path: data\processed
      hash: md5
      md5: 26aa532b3a464de861ea14a0d41d4459.dir
      size: 615862
      nfiles: 2
  feature_engineering:
    cmd: python .\src\features\feature_engineering.py
    deps:
    - path: .\data\processed\
      hash: md5
      md5: 26aa532b3a464de861ea14a0d41d4459.dir
      size: 615862
      nfiles: 2
    - path: .\src\features\feature_engineering.py
      hash: md5
      md5: 680b5b5ddb4819bcdb8d7ca2cd2a6b46
      size: 1382
    params:
      params.yaml:
        feature_engineering.max_features: 2000
    outs:
    - path: data\features
      hash: md5
      md5: bf753ac1e531f558a2ab0794810f81d7.dir
      size: 84056543
      nfiles: 2
  model_building:
    cmd: python .\src\models\model_building.py
    deps:
    - path: .\data\features\
      hash: md5
      md5: bf753ac1e531f558a2ab0794810f81d7.dir
      size: 84056543
      nfiles: 2
    - path: .\src\models\model_building.py
      hash: md5
      md5: 4b980292ece7d5eed6134537160b4f8b
      size: 3060
    params:
      params.yaml:
        model_building.learning_rate: 0.07
        model_building.n_estimators: 150
    outs:
    - path: .\models\model.pkl
      hash: md5
      md5: fc4e21ce9b6e5e209b5ba8fa174e8e9d
      size: 195948
  model_evaluation:
    cmd: python .\src\models\model_evaluation.py
    deps:
    - path: .\models\model.pkl
      hash: md5
      md5: fc4e21ce9b6e5e209b5ba8fa174e8e9d
      size: 195948
    - path: .\src\models\model_evaluation.py
      hash: md5
      md5: 4f6309e76e12360f0e751c0a46f5d1bd
      size: 3892
    outs:
    - path: .\reports\metrics.json
      hash: md5
      md5: a0b569a79f965af90205bcfde734d717
      size: 145
