schema: '2.0'
stages:
  data_ingestion:
    cmd: python .\src\data\data_ingestion.py
    deps:
    - path: .\src\data\data_ingestion.py
      hash: md5
      md5: 47c20a0cb9b57d041d601bb57af31403
      size: 3186
    params:
      params.yaml:
        data_ingestion.test_size: 0.2
    outs:
    - path: data\raw
      hash: md5
      md5: fb326d2eec197669f9638afde28356bf.dir
      size: 827973
      nfiles: 2
  data_preprocessing:
    cmd: python .\src\data\data_preprocessing.py
    deps:
    - path: .\data\raw\
      hash: md5
      md5: fb326d2eec197669f9638afde28356bf.dir
      size: 827973
      nfiles: 2
    - path: .\src\data\data_preprocessing.py
      hash: md5
      md5: bc247dfa70b08fe250ff856adb36ff4a
      size: 2431
    outs:
    - path: data\processed
      hash: md5
      md5: ddc4fc9a086385aa9dcb7f91f3b0299c.dir
      size: 615862
      nfiles: 2
  feature_engineering:
    cmd: python .\src\features\feature_engineering.py
    deps:
    - path: .\data\processed\
      hash: md5
      md5: ddc4fc9a086385aa9dcb7f91f3b0299c.dir
      size: 615862
      nfiles: 2
    - path: .\src\features\feature_engineering.py
      hash: md5
      md5: 680b5b5ddb4819bcdb8d7ca2cd2a6b46
      size: 1382
    params:
      params.yaml:
        feature_engineering.max_features: 1000
    outs:
    - path: data\features
      hash: md5
      md5: 2000b0f08b305533d4b433540aaa11b7.dir
      size: 42431177
      nfiles: 2
  model_building:
    cmd: python .\src\models\model_building.py
    deps:
    - path: .\data\features\
      hash: md5
      md5: 2000b0f08b305533d4b433540aaa11b7.dir
      size: 42431177
      nfiles: 2
    - path: .\src\models\model_building.py
      hash: md5
      md5: 4b980292ece7d5eed6134537160b4f8b
      size: 3060
    params:
      params.yaml:
        model_building.learning_rate: 0.1
        model_building.n_estimators: 200
    outs:
    - path: .\models\model.pkl
      hash: md5
      md5: d6deaecc98798bd2e29988c2210bbd9c
      size: 255765
  model_evaluation:
    cmd: python .\src\models\model_evaluation.py
    deps:
    - path: .\models\model.pkl
      hash: md5
      md5: d6deaecc98798bd2e29988c2210bbd9c
      size: 255765
    - path: .\src\models\model_evaluation.py
      hash: md5
      md5: c4fbcf4e991f02753e1cbb9df1eaef77
      size: 3368
    outs:
    - path: .\reports\metrics.json
      hash: md5
      md5: b3165e1f693657d32eaafc831b198083
      size: 144
